
Microsoft Visual Studio Solution File, Format Version 12.00
# Visual Studio Version 16
VisualStudioVersion = 16.0.30523.141
MinimumVisualStudioVersion = 10.0.40219.1
Project("{FAE04EC0-301F-11D3-BF4B-00C04F79EFBC}") = "MVC.2_LAB", "MVC.2_LAB\MVC.2_LAB.csproj", "{CA06CED8-DC5F-454B-8A57-AB3DE628AFE8}"
EndProject
Global
	GlobalSection(SolutionConfigurationPlatforms) = preSolution
		Debug|Any CPU = Debug|Any CPU
		Release|Any CPU = Release|Any CPU
	EndGlobalSection
	GlobalSection(ProjectConfigurationPlatforms) = postSolution
		{CA06CED8-DC5F-454B-8A57-AB3DE628AFE8}.Debug|Any CPU.ActiveCfg = Debug|Any CPU
		{CA06CED8-DC5F-454B-8A57-AB3DE628AFE8}.Debug|Any CPU.Build.0 = Debug|Any CPU
		{CA06CED8-DC5F-454B-8A57-AB3DE628AFE8}.Release|Any CPU.ActiveCfg = Release|Any CPU
		{CA06CED8-DC5F-454B-8A57-AB3DE628AFE8}.Release|Any CPU.Build.0 = Release|Any CPU
	EndGlobalSection
	GlobalSection(SolutionProperties) = preSolution
		HideSolutionNode = FALSE
	EndGlobalSection
	GlobalSection(ExtensibilityGlobals) = postSolution
		SolutionGuid = {F66C4A48-E921-47B5-A4F8-974FC2EB63FE}
	EndGlobalSection
EndGlobal
